
Microsoft Visual Studio Solution File, Format Version 12.00
# Visual Studio Version 17
VisualStudioVersion = 17.0.31423.177
MinimumVisualStudioVersion = 10.0.40219.1
Project("{2150E333-8FDC-42A3-9474-1A3956D46DE8}") = "src", "src", "{DD1B6D44-5EE0-4D50-83EA-2E2E18C799EA}"
EndProject
Project("{9A19103F-16F7-4668-BE54-9A1E7A4F7556}") = "Api", "src\Api\Api.csproj", "{45009A1B-25BA-4BD9-94AB-34CE2FD2F55D}"
EndProject
Project("{9A19103F-16F7-4668-BE54-9A1E7A4F7556}") = "Data", "src\Data\Data.csproj", "{D1F80737-F4F2-40C0-9EF5-8A03B94D4D04}"
EndProject
Project("{9A19103F-16F7-4668-BE54-9A1E7A4F7556}") = "DataAccess", "src\DataAccess\DataAccess.csproj", "{954E9AFB-226F-47F1-AFBB-2962EE7A25E5}"
EndProject
Project("{9A19103F-16F7-4668-BE54-9A1E7A4F7556}") = "Features", "src\Features\Features.csproj", "{F1CB59B1-9A3D-4920-BB2B-773D22850138}"
EndProject
Project("{2150E333-8FDC-42A3-9474-1A3956D46DE8}") = "tst", "tst", "{F85243ED-F553-468E-BA8C-0EFF7DA6D172}"
EndProject
Project("{FAE04EC0-301F-11D3-BF4B-00C04F79EFBC}") = "UnitTests", "tst\UnitTests\UnitTests.csproj", "{7953BFBD-785A-46C8-8683-09D2A63FF619}"
EndProject
Global
	GlobalSection(SolutionConfigurationPlatforms) = preSolution
		Debug|Any CPU = Debug|Any CPU
		Debug|x64 = Debug|x64
		Debug|x86 = Debug|x86
		Release|Any CPU = Release|Any CPU
		Release|x64 = Release|x64
		Release|x86 = Release|x86
	EndGlobalSection
	GlobalSection(ProjectConfigurationPlatforms) = postSolution
		{45009A1B-25BA-4BD9-94AB-34CE2FD2F55D}.Debug|Any CPU.ActiveCfg = Debug|Any CPU
		{45009A1B-25BA-4BD9-94AB-34CE2FD2F55D}.Debug|Any CPU.Build.0 = Debug|Any CPU
		{45009A1B-25BA-4BD9-94AB-34CE2FD2F55D}.Debug|x64.ActiveCfg = Debug|Any CPU
		{45009A1B-25BA-4BD9-94AB-34CE2FD2F55D}.Debug|x64.Build.0 = Debug|Any CPU
		{45009A1B-25BA-4BD9-94AB-34CE2FD2F55D}.Debug|x86.ActiveCfg = Debug|Any CPU
		{45009A1B-25BA-4BD9-94AB-34CE2FD2F55D}.Debug|x86.Build.0 = Debug|Any CPU
		{45009A1B-25BA-4BD9-94AB-34CE2FD2F55D}.Release|Any CPU.ActiveCfg = Release|Any CPU
		{45009A1B-25BA-4BD9-94AB-34CE2FD2F55D}.Release|Any CPU.Build.0 = Release|Any CPU
		{45009A1B-25BA-4BD9-94AB-34CE2FD2F55D}.Release|x64.ActiveCfg = Release|Any CPU
		{45009A1B-25BA-4BD9-94AB-34CE2FD2F55D}.Release|x64.Build.0 = Release|Any CPU
		{45009A1B-25BA-4BD9-94AB-34CE2FD2F55D}.Release|x86.ActiveCfg = Release|Any CPU
		{45009A1B-25BA-4BD9-94AB-34CE2FD2F55D}.Release|x86.Build.0 = Release|Any CPU
		{D1F80737-F4F2-40C0-9EF5-8A03B94D4D04}.Debug|Any CPU.ActiveCfg = Debug|Any CPU
		{D1F80737-F4F2-40C0-9EF5-8A03B94D4D04}.Debug|Any CPU.Build.0 = Debug|Any CPU
		{D1F80737-F4F2-40C0-9EF5-8A03B94D4D04}.Debug|x64.ActiveCfg = Debug|Any CPU
		{D1F80737-F4F2-40C0-9EF5-8A03B94D4D04}.Debug|x64.Build.0 = Debug|Any CPU
		{D1F80737-F4F2-40C0-9EF5-8A03B94D4D04}.Debug|x86.ActiveCfg = Debug|Any CPU
		{D1F80737-F4F2-40C0-9EF5-8A03B94D4D04}.Debug|x86.Build.0 = Debug|Any CPU
		{D1F80737-F4F2-40C0-9EF5-8A03B94D4D04}.Release|Any CPU.ActiveCfg = Release|Any CPU
		{D1F80737-F4F2-40C0-9EF5-8A03B94D4D04}.Release|Any CPU.Build.0 = Release|Any CPU
		{D1F80737-F4F2-40C0-9EF5-8A03B94D4D04}.Release|x64.ActiveCfg = Release|Any CPU
		{D1F80737-F4F2-40C0-9EF5-8A03B94D4D04}.Release|x64.Build.0 = Release|Any CPU
		{D1F80737-F4F2-40C0-9EF5-8A03B94D4D04}.Release|x86.ActiveCfg = Release|Any CPU
		{D1F80737-F4F2-40C0-9EF5-8A03B94D4D04}.Release|x86.Build.0 = Release|Any CPU
		{954E9AFB-226F-47F1-AFBB-2962EE7A25E5}.Debug|Any CPU.ActiveCfg = Debug|Any CPU
		{954E9AFB-226F-47F1-AFBB-2962EE7A25E5}.Debug|Any CPU.Build.0 = Debug|Any CPU
		{954E9AFB-226F-47F1-AFBB-2962EE7A25E5}.Debug|x64.ActiveCfg = Debug|Any CPU
		{954E9AFB-226F-47F1-AFBB-2962EE7A25E5}.Debug|x64.Build.0 = Debug|Any CPU
		{954E9AFB-226F-47F1-AFBB-2962EE7A25E5}.Debug|x86.ActiveCfg = Debug|Any CPU
		{954E9AFB-226F-47F1-AFBB-2962EE7A25E5}.Debug|x86.Build.0 = Debug|Any CPU
		{954E9AFB-226F-47F1-AFBB-2962EE7A25E5}.Release|Any CPU.ActiveCfg = Release|Any CPU
		{954E9AFB-226F-47F1-AFBB-2962EE7A25E5}.Release|Any CPU.Build.0 = Release|Any CPU
		{954E9AFB-226F-47F1-AFBB-2962EE7A25E5}.Release|x64.ActiveCfg = Release|Any CPU
		{954E9AFB-226F-47F1-AFBB-2962EE7A25E5}.Release|x64.Build.0 = Release|Any CPU
		{954E9AFB-226F-47F1-AFBB-2962EE7A25E5}.Release|x86.ActiveCfg = Release|Any CPU
		{954E9AFB-226F-47F1-AFBB-2962EE7A25E5}.Release|x86.Build.0 = Release|Any CPU
		{F1CB59B1-9A3D-4920-BB2B-773D22850138}.Debug|Any CPU.ActiveCfg = Debug|Any CPU
		{F1CB59B1-9A3D-4920-BB2B-773D22850138}.Debug|Any CPU.Build.0 = Debug|Any CPU
		{F1CB59B1-9A3D-4920-BB2B-773D22850138}.Debug|x64.ActiveCfg = Debug|Any CPU
		{F1CB59B1-9A3D-4920-BB2B-773D22850138}.Debug|x64.Build.0 = Debug|Any CPU
		{F1CB59B1-9A3D-4920-BB2B-773D22850138}.Debug|x86.ActiveCfg = Debug|Any CPU
		{F1CB59B1-9A3D-4920-BB2B-773D22850138}.Debug|x86.Build.0 = Debug|Any CPU
		{F1CB59B1-9A3D-4920-BB2B-773D22850138}.Release|Any CPU.ActiveCfg = Release|Any CPU
		{F1CB59B1-9A3D-4920-BB2B-773D22850138}.Release|Any CPU.Build.0 = Release|Any CPU
		{F1CB59B1-9A3D-4920-BB2B-773D22850138}.Release|x64.ActiveCfg = Release|Any CPU
		{F1CB59B1-9A3D-4920-BB2B-773D22850138}.Release|x64.Build.0 = Release|Any CPU
		{F1CB59B1-9A3D-4920-BB2B-773D22850138}.Release|x86.ActiveCfg = Release|Any CPU
		{F1CB59B1-9A3D-4920-BB2B-773D22850138}.Release|x86.Build.0 = Release|Any CPU
		{7953BFBD-785A-46C8-8683-09D2A63FF619}.Debug|Any CPU.ActiveCfg = Debug|Any CPU
		{7953BFBD-785A-46C8-8683-09D2A63FF619}.Debug|Any CPU.Build.0 = Debug|Any CPU
		{7953BFBD-785A-46C8-8683-09D2A63FF619}.Debug|x64.ActiveCfg = Debug|Any CPU
		{7953BFBD-785A-46C8-8683-09D2A63FF619}.Debug|x64.Build.0 = Debug|Any CPU
		{7953BFBD-785A-46C8-8683-09D2A63FF619}.Debug|x86.ActiveCfg = Debug|Any CPU
		{7953BFBD-785A-46C8-8683-09D2A63FF619}.Debug|x86.Build.0 = Debug|Any CPU
		{7953BFBD-785A-46C8-8683-09D2A63FF619}.Release|Any CPU.ActiveCfg = Release|Any CPU
		{7953BFBD-785A-46C8-8683-09D2A63FF619}.Release|Any CPU.Build.0 = Release|Any CPU
		{7953BFBD-785A-46C8-8683-09D2A63FF619}.Release|x64.ActiveCfg = Release|Any CPU
		{7953BFBD-785A-46C8-8683-09D2A63FF619}.Release|x64.Build.0 = Release|Any CPU
		{7953BFBD-785A-46C8-8683-09D2A63FF619}.Release|x86.ActiveCfg = Release|Any CPU
		{7953BFBD-785A-46C8-8683-09D2A63FF619}.Release|x86.Build.0 = Release|Any CPU
	EndGlobalSection
	GlobalSection(SolutionProperties) = preSolution
		HideSolutionNode = FALSE
	EndGlobalSection
	GlobalSection(NestedProjects) = preSolution
		{45009A1B-25BA-4BD9-94AB-34CE2FD2F55D} = {DD1B6D44-5EE0-4D50-83EA-2E2E18C799EA}
		{D1F80737-F4F2-40C0-9EF5-8A03B94D4D04} = {DD1B6D44-5EE0-4D50-83EA-2E2E18C799EA}
		{954E9AFB-226F-47F1-AFBB-2962EE7A25E5} = {DD1B6D44-5EE0-4D50-83EA-2E2E18C799EA}
		{F1CB59B1-9A3D-4920-BB2B-773D22850138} = {DD1B6D44-5EE0-4D50-83EA-2E2E18C799EA}
		{7953BFBD-785A-46C8-8683-09D2A63FF619} = {F85243ED-F553-468E-BA8C-0EFF7DA6D172}
	EndGlobalSection
	GlobalSection(ExtensibilityGlobals) = postSolution
		SolutionGuid = {98A81F07-6E8F-4E04-A816-CFE1D4496297}
	EndGlobalSection
EndGlobal
