
Microsoft Visual Studio Solution File, Format Version 12.00
# Visual Studio Version 17
VisualStudioVersion = 17.0.31512.422
MinimumVisualStudioVersion = 10.0.40219.1
Project("{2150E333-8FDC-42A3-9474-1A3956D46DE8}") = "src", "src", "{FADF55F1-EE31-400F-98E6-9C66918EBB17}"
EndProject
Project("{9A19103F-16F7-4668-BE54-9A1E7A4F7556}") = "Api", "src\Api\Api.csproj", "{3B38FC20-1F28-43D9-9AA6-B20A0FE7B7D9}"
EndProject
Project("{9A19103F-16F7-4668-BE54-9A1E7A4F7556}") = "Data", "src\Data\Data.csproj", "{EFC61E16-FA61-47E0-88ED-0BEAF1B2F7CA}"
EndProject
Project("{9A19103F-16F7-4668-BE54-9A1E7A4F7556}") = "DataAccess", "src\DataAccess\DataAccess.csproj", "{6D928405-924C-4A7E-8BCA-AC79266D2E21}"
EndProject
Project("{9A19103F-16F7-4668-BE54-9A1E7A4F7556}") = "Features", "src\Features\Features.csproj", "{77776250-2E69-4DBD-A10D-EF2EB9195DD1}"
EndProject
Project("{9A19103F-16F7-4668-BE54-9A1E7A4F7556}") = "TestClient", "src\TestClient\TestClient.csproj", "{DA0090A0-8FD0-4C0A-89DC-5AA1EA1536CB}"
EndProject
Project("{9A19103F-16F7-4668-BE54-9A1E7A4F7556}") = "TestFrontEnd", "src\TestFrontEnd\TestFrontEnd.csproj", "{A79BE19A-25A2-40A8-BFA2-DCCEAFD8A2A8}"
EndProject
Project("{2150E333-8FDC-42A3-9474-1A3956D46DE8}") = "tst", "tst", "{C027CEEA-BE7C-4ECB-8FE2-E050887C0067}"
EndProject
Project("{9A19103F-16F7-4668-BE54-9A1E7A4F7556}") = "UnitTests", "tst\UnitTests\UnitTests.csproj", "{1B0AD478-E586-4884-818E-376BDCAC3506}"
EndProject
Project("{9A19103F-16F7-4668-BE54-9A1E7A4F7556}") = "SecureFunction", "src\SecureFunction\SecureFunction.csproj", "{A78336E2-0D47-4CC6-90FD-02D816B8C5F1}"
EndProject
Project("{9A19103F-16F7-4668-BE54-9A1E7A4F7556}") = "IPFiltering", "src\IPFiltering\IPFiltering.csproj", "{049279D9-32F6-4DE0-A156-C873F8CC0958}"
EndProject
Project("{2150E333-8FDC-42A3-9474-1A3956D46DE8}") = "Solution Items", "Solution Items", "{757CABF4-A010-4D56-96C9-0869D9D5192F}"
	ProjectSection(SolutionItems) = preProject
		.editorconfig = .editorconfig
		.gitattributes = .gitattributes
		.gitignore = .gitignore
		azure-pipelines.yml = azure-pipelines.yml
		Directory.Build.props = Directory.Build.props
		Directory.Build.targets = Directory.Build.targets
		global.json = global.json
	EndProjectSection
EndProject
Project("{FAE04EC0-301F-11D3-BF4B-00C04F79EFBC}") = "Common", "src\Common\Common.csproj", "{845A467E-B962-481D-8628-FFA3BE872E99}"
EndProject
Project("{FAE04EC0-301F-11D3-BF4B-00C04F79EFBC}") = "IntegrationTests", "tst\IntegrationTests\IntegrationTests.csproj", "{8E364F73-2B6A-4C7D-AB70-BB7588C26E9C}"
EndProject
Global
	GlobalSection(SolutionConfigurationPlatforms) = preSolution
		Debug|Any CPU = Debug|Any CPU
		Debug|x64 = Debug|x64
		Debug|x86 = Debug|x86
		Release|Any CPU = Release|Any CPU
		Release|x64 = Release|x64
		Release|x86 = Release|x86
	EndGlobalSection
	GlobalSection(ProjectConfigurationPlatforms) = postSolution
		{3B38FC20-1F28-43D9-9AA6-B20A0FE7B7D9}.Debug|Any CPU.ActiveCfg = Debug|Any CPU
		{3B38FC20-1F28-43D9-9AA6-B20A0FE7B7D9}.Debug|Any CPU.Build.0 = Debug|Any CPU
		{3B38FC20-1F28-43D9-9AA6-B20A0FE7B7D9}.Debug|x64.ActiveCfg = Debug|Any CPU
		{3B38FC20-1F28-43D9-9AA6-B20A0FE7B7D9}.Debug|x64.Build.0 = Debug|Any CPU
		{3B38FC20-1F28-43D9-9AA6-B20A0FE7B7D9}.Debug|x86.ActiveCfg = Debug|Any CPU
		{3B38FC20-1F28-43D9-9AA6-B20A0FE7B7D9}.Debug|x86.Build.0 = Debug|Any CPU
		{3B38FC20-1F28-43D9-9AA6-B20A0FE7B7D9}.Release|Any CPU.ActiveCfg = Release|Any CPU
		{3B38FC20-1F28-43D9-9AA6-B20A0FE7B7D9}.Release|Any CPU.Build.0 = Release|Any CPU
		{3B38FC20-1F28-43D9-9AA6-B20A0FE7B7D9}.Release|x64.ActiveCfg = Release|Any CPU
		{3B38FC20-1F28-43D9-9AA6-B20A0FE7B7D9}.Release|x64.Build.0 = Release|Any CPU
		{3B38FC20-1F28-43D9-9AA6-B20A0FE7B7D9}.Release|x86.ActiveCfg = Release|Any CPU
		{3B38FC20-1F28-43D9-9AA6-B20A0FE7B7D9}.Release|x86.Build.0 = Release|Any CPU
		{EFC61E16-FA61-47E0-88ED-0BEAF1B2F7CA}.Debug|Any CPU.ActiveCfg = Debug|Any CPU
		{EFC61E16-FA61-47E0-88ED-0BEAF1B2F7CA}.Debug|Any CPU.Build.0 = Debug|Any CPU
		{EFC61E16-FA61-47E0-88ED-0BEAF1B2F7CA}.Debug|x64.ActiveCfg = Debug|Any CPU
		{EFC61E16-FA61-47E0-88ED-0BEAF1B2F7CA}.Debug|x64.Build.0 = Debug|Any CPU
		{EFC61E16-FA61-47E0-88ED-0BEAF1B2F7CA}.Debug|x86.ActiveCfg = Debug|Any CPU
		{EFC61E16-FA61-47E0-88ED-0BEAF1B2F7CA}.Debug|x86.Build.0 = Debug|Any CPU
		{EFC61E16-FA61-47E0-88ED-0BEAF1B2F7CA}.Release|Any CPU.ActiveCfg = Release|Any CPU
		{EFC61E16-FA61-47E0-88ED-0BEAF1B2F7CA}.Release|Any CPU.Build.0 = Release|Any CPU
		{EFC61E16-FA61-47E0-88ED-0BEAF1B2F7CA}.Release|x64.ActiveCfg = Release|Any CPU
		{EFC61E16-FA61-47E0-88ED-0BEAF1B2F7CA}.Release|x64.Build.0 = Release|Any CPU
		{EFC61E16-FA61-47E0-88ED-0BEAF1B2F7CA}.Release|x86.ActiveCfg = Release|Any CPU
		{EFC61E16-FA61-47E0-88ED-0BEAF1B2F7CA}.Release|x86.Build.0 = Release|Any CPU
		{6D928405-924C-4A7E-8BCA-AC79266D2E21}.Debug|Any CPU.ActiveCfg = Debug|Any CPU
		{6D928405-924C-4A7E-8BCA-AC79266D2E21}.Debug|Any CPU.Build.0 = Debug|Any CPU
		{6D928405-924C-4A7E-8BCA-AC79266D2E21}.Debug|x64.ActiveCfg = Debug|Any CPU
		{6D928405-924C-4A7E-8BCA-AC79266D2E21}.Debug|x64.Build.0 = Debug|Any CPU
		{6D928405-924C-4A7E-8BCA-AC79266D2E21}.Debug|x86.ActiveCfg = Debug|Any CPU
		{6D928405-924C-4A7E-8BCA-AC79266D2E21}.Debug|x86.Build.0 = Debug|Any CPU
		{6D928405-924C-4A7E-8BCA-AC79266D2E21}.Release|Any CPU.ActiveCfg = Release|Any CPU
		{6D928405-924C-4A7E-8BCA-AC79266D2E21}.Release|Any CPU.Build.0 = Release|Any CPU
		{6D928405-924C-4A7E-8BCA-AC79266D2E21}.Release|x64.ActiveCfg = Release|Any CPU
		{6D928405-924C-4A7E-8BCA-AC79266D2E21}.Release|x64.Build.0 = Release|Any CPU
		{6D928405-924C-4A7E-8BCA-AC79266D2E21}.Release|x86.ActiveCfg = Release|Any CPU
		{6D928405-924C-4A7E-8BCA-AC79266D2E21}.Release|x86.Build.0 = Release|Any CPU
		{77776250-2E69-4DBD-A10D-EF2EB9195DD1}.Debug|Any CPU.ActiveCfg = Debug|Any CPU
		{77776250-2E69-4DBD-A10D-EF2EB9195DD1}.Debug|Any CPU.Build.0 = Debug|Any CPU
		{77776250-2E69-4DBD-A10D-EF2EB9195DD1}.Debug|x64.ActiveCfg = Debug|Any CPU
		{77776250-2E69-4DBD-A10D-EF2EB9195DD1}.Debug|x64.Build.0 = Debug|Any CPU
		{77776250-2E69-4DBD-A10D-EF2EB9195DD1}.Debug|x86.ActiveCfg = Debug|Any CPU
		{77776250-2E69-4DBD-A10D-EF2EB9195DD1}.Debug|x86.Build.0 = Debug|Any CPU
		{77776250-2E69-4DBD-A10D-EF2EB9195DD1}.Release|Any CPU.ActiveCfg = Release|Any CPU
		{77776250-2E69-4DBD-A10D-EF2EB9195DD1}.Release|Any CPU.Build.0 = Release|Any CPU
		{77776250-2E69-4DBD-A10D-EF2EB9195DD1}.Release|x64.ActiveCfg = Release|Any CPU
		{77776250-2E69-4DBD-A10D-EF2EB9195DD1}.Release|x64.Build.0 = Release|Any CPU
		{77776250-2E69-4DBD-A10D-EF2EB9195DD1}.Release|x86.ActiveCfg = Release|Any CPU
		{77776250-2E69-4DBD-A10D-EF2EB9195DD1}.Release|x86.Build.0 = Release|Any CPU
		{DA0090A0-8FD0-4C0A-89DC-5AA1EA1536CB}.Debug|Any CPU.ActiveCfg = Debug|Any CPU
		{DA0090A0-8FD0-4C0A-89DC-5AA1EA1536CB}.Debug|Any CPU.Build.0 = Debug|Any CPU
		{DA0090A0-8FD0-4C0A-89DC-5AA1EA1536CB}.Debug|x64.ActiveCfg = Debug|Any CPU
		{DA0090A0-8FD0-4C0A-89DC-5AA1EA1536CB}.Debug|x64.Build.0 = Debug|Any CPU
		{DA0090A0-8FD0-4C0A-89DC-5AA1EA1536CB}.Debug|x86.ActiveCfg = Debug|Any CPU
		{DA0090A0-8FD0-4C0A-89DC-5AA1EA1536CB}.Debug|x86.Build.0 = Debug|Any CPU
		{DA0090A0-8FD0-4C0A-89DC-5AA1EA1536CB}.Release|Any CPU.ActiveCfg = Release|Any CPU
		{DA0090A0-8FD0-4C0A-89DC-5AA1EA1536CB}.Release|Any CPU.Build.0 = Release|Any CPU
		{DA0090A0-8FD0-4C0A-89DC-5AA1EA1536CB}.Release|x64.ActiveCfg = Release|Any CPU
		{DA0090A0-8FD0-4C0A-89DC-5AA1EA1536CB}.Release|x64.Build.0 = Release|Any CPU
		{DA0090A0-8FD0-4C0A-89DC-5AA1EA1536CB}.Release|x86.ActiveCfg = Release|Any CPU
		{DA0090A0-8FD0-4C0A-89DC-5AA1EA1536CB}.Release|x86.Build.0 = Release|Any CPU
		{A79BE19A-25A2-40A8-BFA2-DCCEAFD8A2A8}.Debug|Any CPU.ActiveCfg = Debug|Any CPU
		{A79BE19A-25A2-40A8-BFA2-DCCEAFD8A2A8}.Debug|Any CPU.Build.0 = Debug|Any CPU
		{A79BE19A-25A2-40A8-BFA2-DCCEAFD8A2A8}.Debug|x64.ActiveCfg = Debug|Any CPU
		{A79BE19A-25A2-40A8-BFA2-DCCEAFD8A2A8}.Debug|x64.Build.0 = Debug|Any CPU
		{A79BE19A-25A2-40A8-BFA2-DCCEAFD8A2A8}.Debug|x86.ActiveCfg = Debug|Any CPU
		{A79BE19A-25A2-40A8-BFA2-DCCEAFD8A2A8}.Debug|x86.Build.0 = Debug|Any CPU
		{A79BE19A-25A2-40A8-BFA2-DCCEAFD8A2A8}.Release|Any CPU.ActiveCfg = Release|Any CPU
		{A79BE19A-25A2-40A8-BFA2-DCCEAFD8A2A8}.Release|Any CPU.Build.0 = Release|Any CPU
		{A79BE19A-25A2-40A8-BFA2-DCCEAFD8A2A8}.Release|x64.ActiveCfg = Release|Any CPU
		{A79BE19A-25A2-40A8-BFA2-DCCEAFD8A2A8}.Release|x64.Build.0 = Release|Any CPU
		{A79BE19A-25A2-40A8-BFA2-DCCEAFD8A2A8}.Release|x86.ActiveCfg = Release|Any CPU
		{A79BE19A-25A2-40A8-BFA2-DCCEAFD8A2A8}.Release|x86.Build.0 = Release|Any CPU
		{1B0AD478-E586-4884-818E-376BDCAC3506}.Debug|Any CPU.ActiveCfg = Debug|Any CPU
		{1B0AD478-E586-4884-818E-376BDCAC3506}.Debug|Any CPU.Build.0 = Debug|Any CPU
		{1B0AD478-E586-4884-818E-376BDCAC3506}.Debug|x64.ActiveCfg = Debug|Any CPU
		{1B0AD478-E586-4884-818E-376BDCAC3506}.Debug|x64.Build.0 = Debug|Any CPU
		{1B0AD478-E586-4884-818E-376BDCAC3506}.Debug|x86.ActiveCfg = Debug|Any CPU
		{1B0AD478-E586-4884-818E-376BDCAC3506}.Debug|x86.Build.0 = Debug|Any CPU
		{1B0AD478-E586-4884-818E-376BDCAC3506}.Release|Any CPU.ActiveCfg = Release|Any CPU
		{1B0AD478-E586-4884-818E-376BDCAC3506}.Release|Any CPU.Build.0 = Release|Any CPU
		{1B0AD478-E586-4884-818E-376BDCAC3506}.Release|x64.ActiveCfg = Release|Any CPU
		{1B0AD478-E586-4884-818E-376BDCAC3506}.Release|x64.Build.0 = Release|Any CPU
		{1B0AD478-E586-4884-818E-376BDCAC3506}.Release|x86.ActiveCfg = Release|Any CPU
		{1B0AD478-E586-4884-818E-376BDCAC3506}.Release|x86.Build.0 = Release|Any CPU
		{A78336E2-0D47-4CC6-90FD-02D816B8C5F1}.Debug|Any CPU.ActiveCfg = Debug|Any CPU
		{A78336E2-0D47-4CC6-90FD-02D816B8C5F1}.Debug|Any CPU.Build.0 = Debug|Any CPU
		{A78336E2-0D47-4CC6-90FD-02D816B8C5F1}.Debug|x64.ActiveCfg = Debug|Any CPU
		{A78336E2-0D47-4CC6-90FD-02D816B8C5F1}.Debug|x64.Build.0 = Debug|Any CPU
		{A78336E2-0D47-4CC6-90FD-02D816B8C5F1}.Debug|x86.ActiveCfg = Debug|Any CPU
		{A78336E2-0D47-4CC6-90FD-02D816B8C5F1}.Debug|x86.Build.0 = Debug|Any CPU
		{A78336E2-0D47-4CC6-90FD-02D816B8C5F1}.Release|Any CPU.ActiveCfg = Release|Any CPU
		{A78336E2-0D47-4CC6-90FD-02D816B8C5F1}.Release|Any CPU.Build.0 = Release|Any CPU
		{A78336E2-0D47-4CC6-90FD-02D816B8C5F1}.Release|x64.ActiveCfg = Release|Any CPU
		{A78336E2-0D47-4CC6-90FD-02D816B8C5F1}.Release|x64.Build.0 = Release|Any CPU
		{A78336E2-0D47-4CC6-90FD-02D816B8C5F1}.Release|x86.ActiveCfg = Release|Any CPU
		{A78336E2-0D47-4CC6-90FD-02D816B8C5F1}.Release|x86.Build.0 = Release|Any CPU
		{049279D9-32F6-4DE0-A156-C873F8CC0958}.Debug|Any CPU.ActiveCfg = Debug|Any CPU
		{049279D9-32F6-4DE0-A156-C873F8CC0958}.Debug|Any CPU.Build.0 = Debug|Any CPU
		{049279D9-32F6-4DE0-A156-C873F8CC0958}.Debug|x64.ActiveCfg = Debug|Any CPU
		{049279D9-32F6-4DE0-A156-C873F8CC0958}.Debug|x64.Build.0 = Debug|Any CPU
		{049279D9-32F6-4DE0-A156-C873F8CC0958}.Debug|x86.ActiveCfg = Debug|Any CPU
		{049279D9-32F6-4DE0-A156-C873F8CC0958}.Debug|x86.Build.0 = Debug|Any CPU
		{049279D9-32F6-4DE0-A156-C873F8CC0958}.Release|Any CPU.ActiveCfg = Release|Any CPU
		{049279D9-32F6-4DE0-A156-C873F8CC0958}.Release|Any CPU.Build.0 = Release|Any CPU
		{049279D9-32F6-4DE0-A156-C873F8CC0958}.Release|x64.ActiveCfg = Release|Any CPU
		{049279D9-32F6-4DE0-A156-C873F8CC0958}.Release|x64.Build.0 = Release|Any CPU
		{049279D9-32F6-4DE0-A156-C873F8CC0958}.Release|x86.ActiveCfg = Release|Any CPU
		{049279D9-32F6-4DE0-A156-C873F8CC0958}.Release|x86.Build.0 = Release|Any CPU
		{845A467E-B962-481D-8628-FFA3BE872E99}.Debug|Any CPU.ActiveCfg = Debug|Any CPU
		{845A467E-B962-481D-8628-FFA3BE872E99}.Debug|Any CPU.Build.0 = Debug|Any CPU
		{845A467E-B962-481D-8628-FFA3BE872E99}.Debug|x64.ActiveCfg = Debug|Any CPU
		{845A467E-B962-481D-8628-FFA3BE872E99}.Debug|x64.Build.0 = Debug|Any CPU
		{845A467E-B962-481D-8628-FFA3BE872E99}.Debug|x86.ActiveCfg = Debug|Any CPU
		{845A467E-B962-481D-8628-FFA3BE872E99}.Debug|x86.Build.0 = Debug|Any CPU
		{845A467E-B962-481D-8628-FFA3BE872E99}.Release|Any CPU.ActiveCfg = Release|Any CPU
		{845A467E-B962-481D-8628-FFA3BE872E99}.Release|Any CPU.Build.0 = Release|Any CPU
		{845A467E-B962-481D-8628-FFA3BE872E99}.Release|x64.ActiveCfg = Release|Any CPU
		{845A467E-B962-481D-8628-FFA3BE872E99}.Release|x64.Build.0 = Release|Any CPU
		{845A467E-B962-481D-8628-FFA3BE872E99}.Release|x86.ActiveCfg = Release|Any CPU
		{845A467E-B962-481D-8628-FFA3BE872E99}.Release|x86.Build.0 = Release|Any CPU
		{8E364F73-2B6A-4C7D-AB70-BB7588C26E9C}.Debug|Any CPU.ActiveCfg = Debug|Any CPU
		{8E364F73-2B6A-4C7D-AB70-BB7588C26E9C}.Debug|Any CPU.Build.0 = Debug|Any CPU
		{8E364F73-2B6A-4C7D-AB70-BB7588C26E9C}.Debug|x64.ActiveCfg = Debug|Any CPU
		{8E364F73-2B6A-4C7D-AB70-BB7588C26E9C}.Debug|x64.Build.0 = Debug|Any CPU
		{8E364F73-2B6A-4C7D-AB70-BB7588C26E9C}.Debug|x86.ActiveCfg = Debug|Any CPU
		{8E364F73-2B6A-4C7D-AB70-BB7588C26E9C}.Debug|x86.Build.0 = Debug|Any CPU
		{8E364F73-2B6A-4C7D-AB70-BB7588C26E9C}.Release|Any CPU.ActiveCfg = Release|Any CPU
		{8E364F73-2B6A-4C7D-AB70-BB7588C26E9C}.Release|Any CPU.Build.0 = Release|Any CPU
		{8E364F73-2B6A-4C7D-AB70-BB7588C26E9C}.Release|x64.ActiveCfg = Release|Any CPU
		{8E364F73-2B6A-4C7D-AB70-BB7588C26E9C}.Release|x64.Build.0 = Release|Any CPU
		{8E364F73-2B6A-4C7D-AB70-BB7588C26E9C}.Release|x86.ActiveCfg = Release|Any CPU
		{8E364F73-2B6A-4C7D-AB70-BB7588C26E9C}.Release|x86.Build.0 = Release|Any CPU
	EndGlobalSection
	GlobalSection(SolutionProperties) = preSolution
		HideSolutionNode = FALSE
	EndGlobalSection
	GlobalSection(NestedProjects) = preSolution
		{3B38FC20-1F28-43D9-9AA6-B20A0FE7B7D9} = {FADF55F1-EE31-400F-98E6-9C66918EBB17}
		{EFC61E16-FA61-47E0-88ED-0BEAF1B2F7CA} = {FADF55F1-EE31-400F-98E6-9C66918EBB17}
		{6D928405-924C-4A7E-8BCA-AC79266D2E21} = {FADF55F1-EE31-400F-98E6-9C66918EBB17}
		{77776250-2E69-4DBD-A10D-EF2EB9195DD1} = {FADF55F1-EE31-400F-98E6-9C66918EBB17}
		{DA0090A0-8FD0-4C0A-89DC-5AA1EA1536CB} = {FADF55F1-EE31-400F-98E6-9C66918EBB17}
		{A79BE19A-25A2-40A8-BFA2-DCCEAFD8A2A8} = {FADF55F1-EE31-400F-98E6-9C66918EBB17}
		{1B0AD478-E586-4884-818E-376BDCAC3506} = {C027CEEA-BE7C-4ECB-8FE2-E050887C0067}
		{A78336E2-0D47-4CC6-90FD-02D816B8C5F1} = {FADF55F1-EE31-400F-98E6-9C66918EBB17}
		{049279D9-32F6-4DE0-A156-C873F8CC0958} = {FADF55F1-EE31-400F-98E6-9C66918EBB17}
		{845A467E-B962-481D-8628-FFA3BE872E99} = {FADF55F1-EE31-400F-98E6-9C66918EBB17}
		{8E364F73-2B6A-4C7D-AB70-BB7588C26E9C} = {C027CEEA-BE7C-4ECB-8FE2-E050887C0067}
	EndGlobalSection
	GlobalSection(ExtensibilityGlobals) = postSolution
		SolutionGuid = {7E2C08F6-BB3E-4147-8680-F952776B4A84}
	EndGlobalSection
EndGlobal
